[[package]]
name = "lcg"
version = "0.1.0"
description = ""
category = "main"
optional = false
python-versions = "^3.7"
develop = false

[package.source]
type = "git"
url = "https://github.com/yatsuna827/LCG.py"
reference = "main"
resolved_reference = "2234ba55bf195b7e45e8bdb9fdcbc00082678914"

[[package]]
name = "xddb"
version = "0.1.0"
description = ""
category = "main"
optional = false
python-versions = "^3.7"
develop = false

[package.dependencies]
lcg = {git = "https://github.com/yatsuna827/LCG.py", rev = "main"}

[package.source]
type = "git"
url = "https://github.com/yatsuna827/xddb"
reference = "main"
resolved_reference = "d658d3b3c0f9354b0eb44132d4d915ec4f612ae0"

[metadata]
lock-version = "1.1"
python-versions = "^3.7"
content-hash = "2308fc854d4cd51a2b923889ec0ef8164a18dbfc74cd71eb91d7a47487a53914"

[metadata.files]
lcg = []
xddb = []
